{
  "name": "kcarbon",
  "version": "0.0.21",
  "lockfileVersion": 3,
  "requires": true,
  "packages": {
    "": {
      "name": "kcarbon",
      "version": "0.0.18",
      "license": "MIT",
      "dependencies": {
        "tslib": "^2.3.0"
      },
      "peerDependencies": {
        "@angular/common": ">=16.2.0",
        "@angular/core": ">=16.2.0",
        "@ionic/angular": ">=7.5.3",
        "date-fns": ">=2.30.0",
        "long": "^5.2.3"
      }
    },
    "node_modules/@angular/common": {
      "version": "18.0.0",
      "resolved": "https://packages.aliyun.com/5ea7a5b8f89c9700014a6467/npm/npm-registry/@angular/common/-/common-18.0.0.tgz",
      "integrity": "sha512-s43ZcOhXTUlkdOPMiMtr4Pz1qKIS8nClXhaahY0JBQZYGsOSn7NR42SoEeB8/ixktfY60s3SLhizXTKMAYtOTA==",
      "peer": true,
      "dependencies": {
        "tslib": "^2.3.0"
      },
      "engines": {
        "node": "^18.13.0 || >=20.9.0"
      },
      "peerDependencies": {
        "@angular/core": "18.0.0",
        "rxjs": "^6.5.3 || ^7.4.0"
      }
    },
    "node_modules/@angular/core": {
      "version": "18.0.0",
      "resolved": "https://packages.aliyun.com/5ea7a5b8f89c9700014a6467/npm/npm-registry/@angular/core/-/core-18.0.0.tgz",
      "integrity": "sha512-tpR7HIY4MJuM9ETpG15IvBr1wsI8Cyec3ZxYFe/27FKHARvxDbqIrT9QevmC6lxg1NdfD990G2XphYML1EyJ8g==",
      "peer": true,
      "dependencies": {
        "tslib": "^2.3.0"
      },
      "engines": {
        "node": "^18.13.0 || >=20.9.0"
      },
      "peerDependencies": {
        "rxjs": "^6.5.3 || ^7.4.0",
        "zone.js": "~0.14.0"
      }
    },
    "node_modules/@angular/forms": {
      "version": "18.0.0",
      "resolved": "https://packages.aliyun.com/5ea7a5b8f89c9700014a6467/npm/npm-registry/@angular/forms/-/forms-18.0.0.tgz",
      "integrity": "sha512-Q+4WExdgALP7VJ5lKSYmpz8CtAFZI4f3n09JhExIZoPTLD/mqOJcxxO7wTc9lXG4jKSE8BlfgK2txKz1cQvrEQ==",
      "peer": true,
      "dependencies": {
        "tslib": "^2.3.0"
      },
      "engines": {
        "node": "^18.13.0 || >=20.9.0"
      },
      "peerDependencies": {
        "@angular/common": "18.0.0",
        "@angular/core": "18.0.0",
        "@angular/platform-browser": "18.0.0",
        "rxjs": "^6.5.3 || ^7.4.0"
      }
    },
    "node_modules/@angular/platform-browser": {
      "version": "18.0.0",
      "resolved": "https://packages.aliyun.com/5ea7a5b8f89c9700014a6467/npm/npm-registry/@angular/platform-browser/-/platform-browser-18.0.0.tgz",
      "integrity": "sha512-fOqXQn15H33xGTGgNBUwXAg5KRpqcdsVfipFBuD1GMbjMLQAx/AagxsBavRiq3mKEdHZyQ+hI4mvaKQWOPKUOQ==",
      "peer": true,
      "dependencies": {
        "tslib": "^2.3.0"
      },
      "engines": {
        "node": "^18.13.0 || >=20.9.0"
      },
      "peerDependencies": {
        "@angular/animations": "18.0.0",
        "@angular/common": "18.0.0",
        "@angular/core": "18.0.0"
      },
      "peerDependenciesMeta": {
        "@angular/animations": {
          "optional": true
        }
      }
    },
    "node_modules/@angular/router": {
      "version": "18.0.0",
      "resolved": "https://packages.aliyun.com/5ea7a5b8f89c9700014a6467/npm/npm-registry/@angular/router/-/router-18.0.0.tgz",
      "integrity": "sha512-bytfTypkJbHDv2QkD8jT2w63DWKicSYi5l7N+LPukb9/0pl3XYXKJ8cjlVLbiFvoo5Oz2oBFWYFucWsaPqDw3A==",
      "peer": true,
      "dependencies": {
        "tslib": "^2.3.0"
      },
      "engines": {
        "node": "^18.13.0 || >=20.9.0"
      },
      "peerDependencies": {
        "@angular/common": "18.0.0",
        "@angular/core": "18.0.0",
        "@angular/platform-browser": "18.0.0",
        "rxjs": "^6.5.3 || ^7.4.0"
      }
    },
    "node_modules/@ionic/angular": {
      "version": "8.2.0",
      "resolved": "https://packages.aliyun.com/5ea7a5b8f89c9700014a6467/npm/npm-registry/@ionic/angular/-/angular-8.2.0.tgz",
      "integrity": "sha512-47y/J3yqLwzHqe+50QTTIr+9AYbjpu9IR+p33bRbxJhUEaUCl5VKzLwjL94bVi+eTVwr786eu2kK8TRTaPyEBw==",
      "peer": true,
      "dependencies": {
        "@ionic/core": "8.2.0",
        "ionicons": "^7.0.0",
        "jsonc-parser": "^3.0.0",
        "tslib": "^2.3.0"
      },
      "peerDependencies": {
        "@angular/core": ">=16.0.0",
        "@angular/forms": ">=16.0.0",
        "@angular/router": ">=16.0.0",
        "rxjs": ">=7.5.0",
        "zone.js": ">=0.13.0"
      }
    },
    "node_modules/@ionic/core": {
      "version": "8.2.0",
      "resolved": "https://packages.aliyun.com/5ea7a5b8f89c9700014a6467/npm/npm-registry/@ionic/core/-/core-8.2.0.tgz",
      "integrity": "sha512-+TjHDFluiGYVNiQZOLsETCE+om5FKYbaOKkfmCQYvRGxlg4WtOwaX6YCrpP4MMuerGt36PA196oh/JTcVe9ByA==",
      "peer": true,
      "dependencies": {
        "@stencil/core": "^4.17.2",
        "ionicons": "^7.2.2",
        "tslib": "^2.1.0"
      }
    },
    "node_modules/@stencil/core": {
      "version": "4.18.2",
      "resolved": "https://packages.aliyun.com/5ea7a5b8f89c9700014a6467/npm/npm-registry/@stencil/core/-/core-4.18.2.tgz",
      "integrity": "sha512-GLYbzv3Bq/oUbQk3CH09zkjISANccyE5/A1C7+1JZhdnWUx1MRuWQR9/2uzSPR7kF0sdppwzXvArl7VqYCxLOQ==",
      "peer": true,
      "bin": {
        "stencil": "bin/stencil"
      },
      "engines": {
        "node": ">=16.0.0",
        "npm": ">=7.10.0"
      }
    },
    "node_modules/date-fns": {
      "version": "3.6.0",
      "resolved": "https://packages.aliyun.com/5ea7a5b8f89c9700014a6467/npm/npm-registry/date-fns/-/date-fns-3.6.0.tgz",
      "integrity": "sha512-fRHTG8g/Gif+kSh50gaGEdToemgfj74aRX3swtiouboip5JDLAyDE9F11nHMIcvOaXeOC6D7SpNhi7uFyB7Uww==",
      "peer": true,
      "funding": {
        "type": "github",
        "url": "https://github.com/sponsors/kossnocorp"
      }
    },
    "node_modules/ionicons": {
      "version": "7.4.0",
      "resolved": "https://packages.aliyun.com/5ea7a5b8f89c9700014a6467/npm/npm-registry/ionicons/-/ionicons-7.4.0.tgz",
      "integrity": "sha512-ZK94MMqgzMCPPMhmk8Ouu6goyVHFIlw/ACP6oe3FrikcI0N7CX0xcwVaEbUc0G/v3W0shI93vo+9ve/KpvcNhQ==",
      "peer": true,
      "dependencies": {
        "@stencil/core": "^4.0.3"
      }
    },
    "node_modules/jsonc-parser": {
      "version": "3.2.1",
      "resolved": "https://packages.aliyun.com/5ea7a5b8f89c9700014a6467/npm/npm-registry/jsonc-parser/-/jsonc-parser-3.2.1.tgz",
      "integrity": "sha512-AilxAyFOAcK5wA1+LeaySVBrHsGQvUFCDWXKpZjzaL0PqW+xfBOttn8GNtWKFWqneyMZj41MWF9Kl6iPWLwgOA==",
      "peer": true
    },
    "node_modules/long": {
      "version": "5.2.3",
      "resolved": "https://packages.aliyun.com/5ea7a5b8f89c9700014a6467/npm/npm-registry/long/-/long-5.2.3.tgz",
      "integrity": "sha512-lcHwpNoggQTObv5apGNCTdJrO69eHOZMi4BNC+rTLER8iHAqGrUVeLh/irVIM7zTw2bOXA8T6uNPeujwOLg/2Q==",
      "peer": true
    },
    "node_modules/rxjs": {
      "version": "7.8.1",
      "resolved": "https://packages.aliyun.com/5ea7a5b8f89c9700014a6467/npm/npm-registry/rxjs/-/rxjs-7.8.1.tgz",
      "integrity": "sha512-AA3TVj+0A2iuIoQkWEK/tqFjBq2j+6PO6Y0zJcvzLAFhEFIO3HL0vls9hWLncZbAAbK0mar7oZ4V079I/qPMxg==",
      "peer": true,
      "dependencies": {
        "tslib": "^2.1.0"
      }
    },
    "node_modules/tslib": {
      "version": "2.6.2",
      "resolved": "https://packages.aliyun.com/5ea7a5b8f89c9700014a6467/npm/npm-registry/tslib/-/tslib-2.6.2.tgz",
      "integrity": "sha512-AEYxH93jGFPn/a2iVAwW87VuUIkR1FVUKB77NwMF7nBTDkDrrT/Hpt/IrCJ0QXhW27jTBDcf5ZY7w6RiqTMw2Q=="
    },
    "node_modules/zone.js": {
      "version": "0.14.6",
      "resolved": "https://packages.aliyun.com/5ea7a5b8f89c9700014a6467/npm/npm-registry/zone.js/-/zone.js-0.14.6.tgz",
      "integrity": "sha512-vyRNFqofdaHVdWAy7v3Bzmn84a1JHWSjpuTZROT/uYn8I3p2cmo7Ro9twFmYRQDPhiYOV7QLk0hhY4JJQVqS6Q==",
      "peer": true
    }
  }
}
